
Microsoft Visual Studio Solution File, Format Version 12.00
# Visual Studio Version 16
VisualStudioVersion = 16.0.29102.190
MinimumVisualStudioVersion = 10.0.40219.1
Project("{FAE04EC0-301F-11D3-BF4B-00C04F79EFBC}") = "Server", "Projects\Server\Server.csproj", "{9514A3D3-5C0F-4EE0-B168-67C3F50DC225}"
EndProject
Project("{FAE04EC0-301F-11D3-BF4B-00C04F79EFBC}") = "Scripts", "Projects\Scripts\Scripts.csproj", "{BF29C43A-A539-448D-93DB-D7CBE13BACFE}"
EndProject
Global
	GlobalSection(SolutionConfigurationPlatforms) = preSolution
		Debug|Any CPU = Debug|Any CPU
		Release|Any CPU = Release|Any CPU
	EndGlobalSection
	GlobalSection(ProjectConfigurationPlatforms) = postSolution
		{9514A3D3-5C0F-4EE0-B168-67C3F50DC225}.Debug|Any CPU.ActiveCfg = Release|Any CPU
		{9514A3D3-5C0F-4EE0-B168-67C3F50DC225}.Debug|Any CPU.Build.0 = Release|Any CPU
		{9514A3D3-5C0F-4EE0-B168-67C3F50DC225}.Release|Any CPU.ActiveCfg = Release|Any CPU
		{9514A3D3-5C0F-4EE0-B168-67C3F50DC225}.Release|Any CPU.Build.0 = Release|Any CPU
		{BF29C43A-A539-448D-93DB-D7CBE13BACFE}.Debug|Any CPU.ActiveCfg = Release|Any CPU
		{BF29C43A-A539-448D-93DB-D7CBE13BACFE}.Debug|Any CPU.Build.0 = Release|Any CPU
		{BF29C43A-A539-448D-93DB-D7CBE13BACFE}.Release|Any CPU.ActiveCfg = Release|Any CPU
		{BF29C43A-A539-448D-93DB-D7CBE13BACFE}.Release|Any CPU.Build.0 = Release|Any CPU
	EndGlobalSection
	GlobalSection(SolutionProperties) = preSolution
		HideSolutionNode = FALSE
	EndGlobalSection
	GlobalSection(ExtensibilityGlobals) = postSolution
		SolutionGuid = {8F69EF13-E193-40B9-BA9F-4862A9F0C038}
	EndGlobalSection
EndGlobal
