Microsoft Visual Studio Solution File, Format Version 12.00
# Visual Studio Version 16
VisualStudioVersion = 16.0.29102.190
MinimumVisualStudioVersion = 10.0.40219.1
Project("{9A19103F-16F7-4668-BE54-9A1E7A4F7556}") = "Server", "Projects\Server\Server.csproj", "{5E93BB35-3661-4822-9A8A-859726BAD87F}"
EndProject
Project("{9A19103F-16F7-4668-BE54-9A1E7A4F7556}") = "UOContent", "Projects\UOContent\UOContent.csproj", "{83CF2484-BCCB-4B7C-9C5F-7AB43AEA5E8F}"
EndProject
Project("{9A19103F-16F7-4668-BE54-9A1E7A4F7556}") = "Server.Tests", "Projects\Server.Tests\Server.Tests.csproj", "{D7A5D3AF-D607-46EF-BAAD-0D424190311F}"
EndProject
Project("{9A19103F-16F7-4668-BE54-9A1E7A4F7556}") = "UOContent.Tests", "Projects\UOContent.Tests\UOContent.Tests.csproj", "{3C4797F9-603E-44EF-8E8C-9275CC9EA74B}"
EndProject
Project("{9A19103F-16F7-4668-BE54-9A1E7A4F7556}") = "Benchmarks", "Projects\Benchmarks\Benchmarks.csproj", "{38B7E4A1-FDDD-486C-98EE-BA7B13712528}"
EndProject
Global
	GlobalSection(SolutionConfigurationPlatforms) = preSolution
		Analyze|x64 = Analyze|x64
		Debug|x64 = Debug|x64
		Release|x64 = Release|x64
	EndGlobalSection
	GlobalSection(ProjectConfigurationPlatforms) = postSolution
		{5E93BB35-3661-4822-9A8A-859726BAD87F}.Analyze|x64.ActiveCfg = Analyze|x64
		{5E93BB35-3661-4822-9A8A-859726BAD87F}.Analyze|x64.Build.0 = Analyze|x64
		{5E93BB35-3661-4822-9A8A-859726BAD87F}.Debug|x64.ActiveCfg = Debug|x64
		{5E93BB35-3661-4822-9A8A-859726BAD87F}.Debug|x64.Build.0 = Debug|x64
		{5E93BB35-3661-4822-9A8A-859726BAD87F}.Release|x64.ActiveCfg = Release|x64
		{5E93BB35-3661-4822-9A8A-859726BAD87F}.Release|x64.Build.0 = Release|x64
		{83CF2484-BCCB-4B7C-9C5F-7AB43AEA5E8F}.Analyze|x64.ActiveCfg = Analyze|x64
		{83CF2484-BCCB-4B7C-9C5F-7AB43AEA5E8F}.Analyze|x64.Build.0 = Analyze|x64
		{83CF2484-BCCB-4B7C-9C5F-7AB43AEA5E8F}.Debug|x64.ActiveCfg = Debug|x64
		{83CF2484-BCCB-4B7C-9C5F-7AB43AEA5E8F}.Debug|x64.Build.0 = Debug|x64
		{83CF2484-BCCB-4B7C-9C5F-7AB43AEA5E8F}.Release|x64.ActiveCfg = Release|x64
		{83CF2484-BCCB-4B7C-9C5F-7AB43AEA5E8F}.Release|x64.Build.0 = Release|x64
		{D7A5D3AF-D607-46EF-BAAD-0D424190311F}.Analyze|x64.ActiveCfg = Analyze|x64
		{D7A5D3AF-D607-46EF-BAAD-0D424190311F}.Analyze|x64.Build.0 = Analyze|x64
		{D7A5D3AF-D607-46EF-BAAD-0D424190311F}.Debug|x64.ActiveCfg = Debug|x64
		{D7A5D3AF-D607-46EF-BAAD-0D424190311F}.Debug|x64.Build.0 = Debug|x64
		{D7A5D3AF-D607-46EF-BAAD-0D424190311F}.Release|x64.ActiveCfg = Release|x64
		{D7A5D3AF-D607-46EF-BAAD-0D424190311F}.Release|x64.Build.0 = Release|x64
		{3C4797F9-603E-44EF-8E8C-9275CC9EA74B}.Analyze|x64.ActiveCfg = Analyze|x64
		{3C4797F9-603E-44EF-8E8C-9275CC9EA74B}.Analyze|x64.Build.0 = Analyze|x64
		{3C4797F9-603E-44EF-8E8C-9275CC9EA74B}.Debug|x64.ActiveCfg = Debug|x64
		{3C4797F9-603E-44EF-8E8C-9275CC9EA74B}.Debug|x64.Build.0 = Debug|x64
		{3C4797F9-603E-44EF-8E8C-9275CC9EA74B}.Release|x64.ActiveCfg = Release|x64
		{3C4797F9-603E-44EF-8E8C-9275CC9EA74B}.Release|x64.Build.0 = Release|x64
		{38B7E4A1-FDDD-486C-98EE-BA7B13712528}.Analyze|x64.ActiveCfg = Release|x64
		{38B7E4A1-FDDD-486C-98EE-BA7B13712528}.Analyze|x64.Build.0 = Release|x64
		{38B7E4A1-FDDD-486C-98EE-BA7B13712528}.Debug|x64.ActiveCfg = Debug|x64
		{38B7E4A1-FDDD-486C-98EE-BA7B13712528}.Debug|x64.Build.0 = Debug|x64
		{38B7E4A1-FDDD-486C-98EE-BA7B13712528}.Release|x64.ActiveCfg = Release|x64
		{38B7E4A1-FDDD-486C-98EE-BA7B13712528}.Release|x64.Build.0 = Release|x64
	EndGlobalSection
	GlobalSection(SolutionProperties) = preSolution
		HideSolutionNode = FALSE
	EndGlobalSection
	GlobalSection(ExtensibilityGlobals) = postSolution
		SolutionGuid = {8F69EF13-E193-40B9-BA9F-4862A9F0C038}
	EndGlobalSection
EndGlobal
