{
  "version": 1,
  "dependencies": {
    ".NETCoreApp,Version=v3.1": {
      "Zlib.Bindings": {
        "type": "Direct",
        "requested": "[1.1.0, )",
        "resolved": "1.1.0",
        "contentHash": "hLmHUTlZR3rnJ95FboiyJdLR8MJbfHdmapnRZHWLvkxB48jDgRBBJG1w5NYRiNBteVY4uksacXM7/V8nu1byBw=="
      }
    },
    ".NETCoreApp,Version=v3.1/centos.7-x64": {
      "Zlib.Bindings": {
        "type": "Direct",
        "requested": "[1.1.0, )",
        "resolved": "1.1.0",
        "contentHash": "hLmHUTlZR3rnJ95FboiyJdLR8MJbfHdmapnRZHWLvkxB48jDgRBBJG1w5NYRiNBteVY4uksacXM7/V8nu1byBw=="
      }
    },
    ".NETCoreApp,Version=v3.1/centos.8-x64": {
      "Zlib.Bindings": {
        "type": "Direct",
        "requested": "[1.1.0, )",
        "resolved": "1.1.0",
        "contentHash": "hLmHUTlZR3rnJ95FboiyJdLR8MJbfHdmapnRZHWLvkxB48jDgRBBJG1w5NYRiNBteVY4uksacXM7/V8nu1byBw=="
      }
    },
    ".NETCoreApp,Version=v3.1/debian.10-x64": {
      "Zlib.Bindings": {
        "type": "Direct",
        "requested": "[1.1.0, )",
        "resolved": "1.1.0",
        "contentHash": "hLmHUTlZR3rnJ95FboiyJdLR8MJbfHdmapnRZHWLvkxB48jDgRBBJG1w5NYRiNBteVY4uksacXM7/V8nu1byBw=="
      }
    },
    ".NETCoreApp,Version=v3.1/debian.9-x64": {
      "Zlib.Bindings": {
        "type": "Direct",
        "requested": "[1.1.0, )",
        "resolved": "1.1.0",
        "contentHash": "hLmHUTlZR3rnJ95FboiyJdLR8MJbfHdmapnRZHWLvkxB48jDgRBBJG1w5NYRiNBteVY4uksacXM7/V8nu1byBw=="
      }
    },
    ".NETCoreApp,Version=v3.1/osx-x64": {
      "Zlib.Bindings": {
        "type": "Direct",
        "requested": "[1.1.0, )",
        "resolved": "1.1.0",
        "contentHash": "hLmHUTlZR3rnJ95FboiyJdLR8MJbfHdmapnRZHWLvkxB48jDgRBBJG1w5NYRiNBteVY4uksacXM7/V8nu1byBw=="
      }
    },
    ".NETCoreApp,Version=v3.1/ubuntu.16.04-x64": {
      "Zlib.Bindings": {
        "type": "Direct",
        "requested": "[1.1.0, )",
        "resolved": "1.1.0",
        "contentHash": "hLmHUTlZR3rnJ95FboiyJdLR8MJbfHdmapnRZHWLvkxB48jDgRBBJG1w5NYRiNBteVY4uksacXM7/V8nu1byBw=="
      }
    },
    ".NETCoreApp,Version=v3.1/ubuntu.18.04-x64": {
      "Zlib.Bindings": {
        "type": "Direct",
        "requested": "[1.1.0, )",
        "resolved": "1.1.0",
        "contentHash": "hLmHUTlZR3rnJ95FboiyJdLR8MJbfHdmapnRZHWLvkxB48jDgRBBJG1w5NYRiNBteVY4uksacXM7/V8nu1byBw=="
      }
    },
    ".NETCoreApp,Version=v3.1/win-x64": {
      "Zlib.Bindings": {
        "type": "Direct",
        "requested": "[1.1.0, )",
        "resolved": "1.1.0",
        "contentHash": "hLmHUTlZR3rnJ95FboiyJdLR8MJbfHdmapnRZHWLvkxB48jDgRBBJG1w5NYRiNBteVY4uksacXM7/V8nu1byBw=="
      }
    }
  }
}