{
  "version": 1,
  "dependencies": {
    ".NETCoreApp,Version=v3.1": {
      "Microsoft.AspNetCore.Connections.Abstractions": {
        "type": "Direct",
        "requested": "[3.1.4, )",
        "resolved": "3.1.4",
        "contentHash": "3F5O9gkTfK8lp9qiLkKBacNlTIKb6dGv8W7noHGb6QVw8Kt0OvSXH/hCI08Ao7GCehciI7wNA9c6lUqarLV92A==",
        "dependencies": {
          "Microsoft.AspNetCore.Http.Features": "3.1.4",
          "System.IO.Pipelines": "4.7.1"
        }
      },
      "Microsoft.AspNetCore.Server.Kestrel.Transport.Libuv": {
        "type": "Direct",
        "requested": "[3.1.4, )",
        "resolved": "3.1.4",
        "contentHash": "htKi6bBU13AxI3qsM21K0s82J43JAGPmPG/KTAvMHoFgba8/U32j2Y/4olWkFw8vRAGv302F6FnOOfe2eObfNA==",
        "dependencies": {
          "Libuv": "1.10.0",
          "Microsoft.AspNetCore.Connections.Abstractions": "3.1.4",
          "Microsoft.Extensions.Logging.Abstractions": "3.1.4",
          "Microsoft.Extensions.Options": "3.1.4"
        }
      },
      "Microsoft.Extensions.Hosting.Abstractions": {
        "type": "Direct",
        "requested": "[3.1.4, )",
        "resolved": "3.1.4",
        "contentHash": "w1Zildlb70fJ8qqysyt6HaueWBQ89qQmcSCsh/6+1TKmipU0AOjwduqY72eqHZ39j4jZYaXaoXQ/zqXZ1nYgCg==",
        "dependencies": {
          "Microsoft.Extensions.Configuration.Abstractions": "3.1.4",
          "Microsoft.Extensions.DependencyInjection.Abstractions": "3.1.4",
          "Microsoft.Extensions.FileProviders.Abstractions": "3.1.4",
          "Microsoft.Extensions.Logging.Abstractions": "3.1.4"
        }
      },
      "System.IO.Pipelines": {
        "type": "Direct",
        "requested": "[4.7.2, )",
        "resolved": "4.7.2",
        "contentHash": "rGIIhoY3lUdn9rWeuGdgeZZ0P+SpJ1wZI5g8TnXqgvuhFgUP7iP9Nt5FZebYInQZQxqnwjPxdYYBE5l/8PJmqQ=="
      },
      "ZLib.Bindings": {
        "type": "Direct",
        "requested": "[1.0.2, )",
        "resolved": "1.0.2",
        "contentHash": "rd7gUFhwKb9Pd5ehhsUUdZiGS/AQQ1v0UItP2J+EYIfKzq7H54yDQ509qcBmbNtr6zTz7AAax4zRUcg3j9mfyQ=="
      },
      "Libuv": {
        "type": "Transitive",
        "resolved": "1.10.0",
        "contentHash": "GsCf4q+eyaI49rCPlgYxdxa1SQCysXFFdSJWdstrwxytg4+VPYLYrXD4AT2rjHVJ+UF7SSWX9CapWEYaU4ejVQ==",
        "dependencies": {
          "Microsoft.NETCore.Platforms": "1.0.1"
        }
      },
      "Microsoft.AspNetCore.Http.Features": {
        "type": "Transitive",
        "resolved": "3.1.4",
        "contentHash": "HroyqnPK+g/GF+W3oLFQ2CfKS7BO/vzKhcgRAz3bovf3F/c3vR5Qw8AJEi0c+UVxyIhbFp00CdNR53Ghj+qckA==",
        "dependencies": {
          "Microsoft.Extensions.Primitives": "3.1.4",
          "System.IO.Pipelines": "4.7.1"
        }
      },
      "Microsoft.Extensions.Configuration.Abstractions": {
        "type": "Transitive",
        "resolved": "3.1.4",
        "contentHash": "k7IJME4US5S5JFOGYaei5TLwutp8IqUvcBWtliKXETGn/JScmCgfej21xq5+ttxi0qZhiyJY06y9dw+cLh3kiQ==",
        "dependencies": {
          "Microsoft.Extensions.Primitives": "3.1.4"
        }
      },
      "Microsoft.Extensions.DependencyInjection.Abstractions": {
        "type": "Transitive",
        "resolved": "3.1.4",
        "contentHash": "AceHamXNKDMDwIoZqEoApLp8s3935wSC3VXrPaRWa0wWOaEcYdDlo1nWQ1zLiezoDmpJzV7FqDm53E0Ty/hEMg=="
      },
      "Microsoft.Extensions.FileProviders.Abstractions": {
        "type": "Transitive",
        "resolved": "3.1.4",
        "contentHash": "NNJA8JAoIaxlnb/bdQ8N0kA4T9ZaBAaUFM79pnT7j/x61Wne6K4lznU9u+NDgSAB3wrSx94mz169jNtle7KrSA==",
        "dependencies": {
          "Microsoft.Extensions.Primitives": "3.1.4"
        }
      },
      "Microsoft.Extensions.Logging.Abstractions": {
        "type": "Transitive",
        "resolved": "3.1.4",
        "contentHash": "JNPxhw2XwhjfGFyIkA5eBfzUDPNpa6Q50HJ2F6lCAMoSa1GquAktTrl4PhEyTYFNmu09B0E90WhYsUb3kmSkOA=="
      },
      "Microsoft.Extensions.Options": {
        "type": "Transitive",
        "resolved": "3.1.4",
        "contentHash": "ntWmD8i6UmAo0nn5MiCXIVl3+75aybVHgP/NxL9B16zwsbGkSfs+66BullsGEDNvrimgIFVDO+iB/h0yWfATWg==",
        "dependencies": {
          "Microsoft.Extensions.DependencyInjection.Abstractions": "3.1.4",
          "Microsoft.Extensions.Primitives": "3.1.4"
        }
      },
      "Microsoft.Extensions.Primitives": {
        "type": "Transitive",
        "resolved": "3.1.4",
        "contentHash": "tLR9n5ltwA56nr1t5M6q5IBfGLXtMS+XgumtqVENmtPQOWUD+m0Kgo1U6GWr06Y875WUN3sOGnmqkvW4an7fYA=="
      },
      "Microsoft.NETCore.Platforms": {
        "type": "Transitive",
        "resolved": "1.0.1",
        "contentHash": "2G6OjjJzwBfNOO8myRV/nFrbTw5iA+DEm0N+qUqhrOmaVtn4pC77h38I1jsXGw5VH55+dPfQsqHD0We9sCl9FQ=="
      }
    },
    ".NETCoreApp,Version=v3.1/linux-x64": {
      "ZLib.Bindings": {
        "type": "Direct",
        "requested": "[1.0.2, )",
        "resolved": "1.0.2",
        "contentHash": "rd7gUFhwKb9Pd5ehhsUUdZiGS/AQQ1v0UItP2J+EYIfKzq7H54yDQ509qcBmbNtr6zTz7AAax4zRUcg3j9mfyQ=="
      },
      "Libuv": {
        "type": "Transitive",
        "resolved": "1.10.0",
        "contentHash": "GsCf4q+eyaI49rCPlgYxdxa1SQCysXFFdSJWdstrwxytg4+VPYLYrXD4AT2rjHVJ+UF7SSWX9CapWEYaU4ejVQ==",
        "dependencies": {
          "Microsoft.NETCore.Platforms": "1.0.1"
        }
      }
    },
    ".NETCoreApp,Version=v3.1/osx-x64": {
      "ZLib.Bindings": {
        "type": "Direct",
        "requested": "[1.0.2, )",
        "resolved": "1.0.2",
        "contentHash": "rd7gUFhwKb9Pd5ehhsUUdZiGS/AQQ1v0UItP2J+EYIfKzq7H54yDQ509qcBmbNtr6zTz7AAax4zRUcg3j9mfyQ=="
      },
      "Libuv": {
        "type": "Transitive",
        "resolved": "1.10.0",
        "contentHash": "GsCf4q+eyaI49rCPlgYxdxa1SQCysXFFdSJWdstrwxytg4+VPYLYrXD4AT2rjHVJ+UF7SSWX9CapWEYaU4ejVQ==",
        "dependencies": {
          "Microsoft.NETCore.Platforms": "1.0.1"
        }
      }
    },
    ".NETCoreApp,Version=v3.1/win-x64": {
      "ZLib.Bindings": {
        "type": "Direct",
        "requested": "[1.0.2, )",
        "resolved": "1.0.2",
        "contentHash": "rd7gUFhwKb9Pd5ehhsUUdZiGS/AQQ1v0UItP2J+EYIfKzq7H54yDQ509qcBmbNtr6zTz7AAax4zRUcg3j9mfyQ=="
      },
      "Libuv": {
        "type": "Transitive",
        "resolved": "1.10.0",
        "contentHash": "GsCf4q+eyaI49rCPlgYxdxa1SQCysXFFdSJWdstrwxytg4+VPYLYrXD4AT2rjHVJ+UF7SSWX9CapWEYaU4ejVQ==",
        "dependencies": {
          "Microsoft.NETCore.Platforms": "1.0.1"
        }
      }
    }
  }
}