{
  "version": 1,
  "dependencies": {
    ".NETCoreApp,Version=v3.1": {
      "Microsoft.AspNetCore.Connections.Abstractions": {
        "type": "Direct",
        "requested": "[3.1.5, )",
        "resolved": "3.1.5",
        "contentHash": "d9QNKLjOIb+O8fW+Xolhw0ZpOP1nzJi822qthXUhZqzb1PpL/xD4tmZfeE6IRXlRmQOAKDKg38mDEDTaMPGy1w==",
        "dependencies": {
          "Microsoft.AspNetCore.Http.Features": "3.1.5",
          "System.IO.Pipelines": "4.7.1"
        }
      },
      "Microsoft.AspNetCore.Server.Kestrel.Transport.Libuv": {
        "type": "Direct",
        "requested": "[3.1.5, )",
        "resolved": "3.1.5",
        "contentHash": "RmWkwrdmpquJa3Tvui4AhNEy+LeqeDgd85RPNjamwKNjVSUW+Yaz8n1pKPz4IiqDJ+3XfdmaLjP9TSVnXSDNuA==",
        "dependencies": {
          "Libuv": "1.10.0",
          "Microsoft.AspNetCore.Connections.Abstractions": "3.1.5",
          "Microsoft.Extensions.Logging.Abstractions": "3.1.5",
          "Microsoft.Extensions.Options": "3.1.5"
        }
      },
      "Microsoft.Extensions.Hosting.Abstractions": {
        "type": "Direct",
        "requested": "[3.1.5, )",
        "resolved": "3.1.5",
        "contentHash": "e57iK9spITqHE7qNgC3IowzK+PK5NC2rmVY4Sz+ZoDNO24nIsgllIRbanSbt2wQz7Iy/N8Jm3C1sXqKc8zEOMQ==",
        "dependencies": {
          "Microsoft.Extensions.Configuration.Abstractions": "3.1.5",
          "Microsoft.Extensions.DependencyInjection.Abstractions": "3.1.5",
          "Microsoft.Extensions.FileProviders.Abstractions": "3.1.5",
          "Microsoft.Extensions.Logging.Abstractions": "3.1.5"
        }
      },
      "System.IO.Pipelines": {
        "type": "Direct",
        "requested": "[4.7.2, )",
        "resolved": "4.7.2",
        "contentHash": "rGIIhoY3lUdn9rWeuGdgeZZ0P+SpJ1wZI5g8TnXqgvuhFgUP7iP9Nt5FZebYInQZQxqnwjPxdYYBE5l/8PJmqQ=="
      },
      "Zlib.Bindings": {
        "type": "Direct",
        "requested": "[1.2.0, )",
        "resolved": "1.2.0",
        "contentHash": "z1/D7sNbpq3E6B+YLvV99vx9fa6cnOtxVLKMBVFJ8i/dGZG/y8bE+7lyOwLaDmQlTendwidPvjKfUKhLYgBryg=="
      },
      "Libuv": {
        "type": "Transitive",
        "resolved": "1.10.0",
        "contentHash": "GsCf4q+eyaI49rCPlgYxdxa1SQCysXFFdSJWdstrwxytg4+VPYLYrXD4AT2rjHVJ+UF7SSWX9CapWEYaU4ejVQ==",
        "dependencies": {
          "Microsoft.NETCore.Platforms": "1.0.1"
        }
      },
      "Microsoft.AspNetCore.Http.Features": {
        "type": "Transitive",
        "resolved": "3.1.5",
        "contentHash": "I+G1L5363H2oCdMxHv2vtbluRgb4e33Gv6zJd8Uj93bBRFbE4MZlb3cB9PvRAYpSB0xbK216/qRtHmQJBzWIcg==",
        "dependencies": {
          "Microsoft.Extensions.Primitives": "3.1.5",
          "System.IO.Pipelines": "4.7.1"
        }
      },
      "Microsoft.Extensions.Configuration.Abstractions": {
        "type": "Transitive",
        "resolved": "3.1.5",
        "contentHash": "VBcAk6s9izZr04WCzNqOh1Sxz2RbVSh0G79MfpHSDv16cUJtSEYEHody9ZnF71LBEktzdu6cvDFBOFMh43q0iA==",
        "dependencies": {
          "Microsoft.Extensions.Primitives": "3.1.5"
        }
      },
      "Microsoft.Extensions.DependencyInjection.Abstractions": {
        "type": "Transitive",
        "resolved": "3.1.5",
        "contentHash": "2VSCj2TZPMdeEi279Lawi6qJQu4+sEWizSOYrhY6hapyS1jxn1jVUZT1Ugv68bya+x8+3lD4+RqhUZql9PhISQ=="
      },
      "Microsoft.Extensions.FileProviders.Abstractions": {
        "type": "Transitive",
        "resolved": "3.1.5",
        "contentHash": "LrEQ97jhSWw84Y1m+CJfvh9qTUUswt27au54QYn2x5PCMPPgR+yAv/4VTJKMGSSI9T4scSLBXZ/fVhT4fPTCtA==",
        "dependencies": {
          "Microsoft.Extensions.Primitives": "3.1.5"
        }
      },
      "Microsoft.Extensions.Logging.Abstractions": {
        "type": "Transitive",
        "resolved": "3.1.5",
        "contentHash": "ZvwowjRSWXewdPI+whPFXgwF4Qme6Q9KV9SCPEITSGiqHLArct7q5hTBtTzj3GPsVLjTqehvTg6Bd/EQk9JS0A=="
      },
      "Microsoft.Extensions.Options": {
        "type": "Transitive",
        "resolved": "3.1.5",
        "contentHash": "f+JT/7lkKBMp/Ak2tVjO+TD7o+UoCfjnExkZNn0PZIso8kIXrqNy6x42Lrxf4Q0pW3JMf9ExmL2EQlvk2XnFAg==",
        "dependencies": {
          "Microsoft.Extensions.DependencyInjection.Abstractions": "3.1.5",
          "Microsoft.Extensions.Primitives": "3.1.5"
        }
      },
      "Microsoft.Extensions.Primitives": {
        "type": "Transitive",
        "resolved": "3.1.5",
        "contentHash": "6bLdjSAQix82oP2tsuX9MM2yjgUFFOkSZYyRSKoUULilw2cg0Y0H+dnugwYlfj8Jd7yjd/+QSdNBqEyYhTYv0w=="
      },
      "Microsoft.NETCore.Platforms": {
        "type": "Transitive",
        "resolved": "1.0.1",
        "contentHash": "2G6OjjJzwBfNOO8myRV/nFrbTw5iA+DEm0N+qUqhrOmaVtn4pC77h38I1jsXGw5VH55+dPfQsqHD0We9sCl9FQ=="
      }
    },
    ".NETCoreApp,Version=v3.1/centos.7-x64": {
      "Zlib.Bindings": {
        "type": "Direct",
        "requested": "[1.2.0, )",
        "resolved": "1.2.0",
        "contentHash": "z1/D7sNbpq3E6B+YLvV99vx9fa6cnOtxVLKMBVFJ8i/dGZG/y8bE+7lyOwLaDmQlTendwidPvjKfUKhLYgBryg=="
      },
      "Libuv": {
        "type": "Transitive",
        "resolved": "1.10.0",
        "contentHash": "GsCf4q+eyaI49rCPlgYxdxa1SQCysXFFdSJWdstrwxytg4+VPYLYrXD4AT2rjHVJ+UF7SSWX9CapWEYaU4ejVQ==",
        "dependencies": {
          "Microsoft.NETCore.Platforms": "1.0.1"
        }
      }
    },
    ".NETCoreApp,Version=v3.1/centos.8-x64": {
      "Zlib.Bindings": {
        "type": "Direct",
        "requested": "[1.2.0, )",
        "resolved": "1.2.0",
        "contentHash": "z1/D7sNbpq3E6B+YLvV99vx9fa6cnOtxVLKMBVFJ8i/dGZG/y8bE+7lyOwLaDmQlTendwidPvjKfUKhLYgBryg=="
      },
      "Libuv": {
        "type": "Transitive",
        "resolved": "1.10.0",
        "contentHash": "GsCf4q+eyaI49rCPlgYxdxa1SQCysXFFdSJWdstrwxytg4+VPYLYrXD4AT2rjHVJ+UF7SSWX9CapWEYaU4ejVQ==",
        "dependencies": {
          "Microsoft.NETCore.Platforms": "1.0.1"
        }
      }
    },
    ".NETCoreApp,Version=v3.1/debian.10-x64": {
      "Zlib.Bindings": {
        "type": "Direct",
        "requested": "[1.2.0, )",
        "resolved": "1.2.0",
        "contentHash": "z1/D7sNbpq3E6B+YLvV99vx9fa6cnOtxVLKMBVFJ8i/dGZG/y8bE+7lyOwLaDmQlTendwidPvjKfUKhLYgBryg=="
      },
      "Libuv": {
        "type": "Transitive",
        "resolved": "1.10.0",
        "contentHash": "GsCf4q+eyaI49rCPlgYxdxa1SQCysXFFdSJWdstrwxytg4+VPYLYrXD4AT2rjHVJ+UF7SSWX9CapWEYaU4ejVQ==",
        "dependencies": {
          "Microsoft.NETCore.Platforms": "1.0.1"
        }
      }
    },
    ".NETCoreApp,Version=v3.1/debian.9-x64": {
      "Zlib.Bindings": {
        "type": "Direct",
        "requested": "[1.2.0, )",
        "resolved": "1.2.0",
        "contentHash": "z1/D7sNbpq3E6B+YLvV99vx9fa6cnOtxVLKMBVFJ8i/dGZG/y8bE+7lyOwLaDmQlTendwidPvjKfUKhLYgBryg=="
      },
      "Libuv": {
        "type": "Transitive",
        "resolved": "1.10.0",
        "contentHash": "GsCf4q+eyaI49rCPlgYxdxa1SQCysXFFdSJWdstrwxytg4+VPYLYrXD4AT2rjHVJ+UF7SSWX9CapWEYaU4ejVQ==",
        "dependencies": {
          "Microsoft.NETCore.Platforms": "1.0.1"
        }
      }
    },
    ".NETCoreApp,Version=v3.1/osx-x64": {
      "Zlib.Bindings": {
        "type": "Direct",
        "requested": "[1.2.0, )",
        "resolved": "1.2.0",
        "contentHash": "z1/D7sNbpq3E6B+YLvV99vx9fa6cnOtxVLKMBVFJ8i/dGZG/y8bE+7lyOwLaDmQlTendwidPvjKfUKhLYgBryg=="
      },
      "Libuv": {
        "type": "Transitive",
        "resolved": "1.10.0",
        "contentHash": "GsCf4q+eyaI49rCPlgYxdxa1SQCysXFFdSJWdstrwxytg4+VPYLYrXD4AT2rjHVJ+UF7SSWX9CapWEYaU4ejVQ==",
        "dependencies": {
          "Microsoft.NETCore.Platforms": "1.0.1"
        }
      }
    },
    ".NETCoreApp,Version=v3.1/ubuntu.16.04-x64": {
      "Zlib.Bindings": {
        "type": "Direct",
        "requested": "[1.2.0, )",
        "resolved": "1.2.0",
        "contentHash": "z1/D7sNbpq3E6B+YLvV99vx9fa6cnOtxVLKMBVFJ8i/dGZG/y8bE+7lyOwLaDmQlTendwidPvjKfUKhLYgBryg=="
      },
      "Libuv": {
        "type": "Transitive",
        "resolved": "1.10.0",
        "contentHash": "GsCf4q+eyaI49rCPlgYxdxa1SQCysXFFdSJWdstrwxytg4+VPYLYrXD4AT2rjHVJ+UF7SSWX9CapWEYaU4ejVQ==",
        "dependencies": {
          "Microsoft.NETCore.Platforms": "1.0.1"
        }
      }
    },
    ".NETCoreApp,Version=v3.1/ubuntu.18.04-x64": {
      "Zlib.Bindings": {
        "type": "Direct",
        "requested": "[1.2.0, )",
        "resolved": "1.2.0",
        "contentHash": "z1/D7sNbpq3E6B+YLvV99vx9fa6cnOtxVLKMBVFJ8i/dGZG/y8bE+7lyOwLaDmQlTendwidPvjKfUKhLYgBryg=="
      },
      "Libuv": {
        "type": "Transitive",
        "resolved": "1.10.0",
        "contentHash": "GsCf4q+eyaI49rCPlgYxdxa1SQCysXFFdSJWdstrwxytg4+VPYLYrXD4AT2rjHVJ+UF7SSWX9CapWEYaU4ejVQ==",
        "dependencies": {
          "Microsoft.NETCore.Platforms": "1.0.1"
        }
      }
    },
    ".NETCoreApp,Version=v3.1/ubuntu.20.04-x64": {
      "Zlib.Bindings": {
        "type": "Direct",
        "requested": "[1.2.0, )",
        "resolved": "1.2.0",
        "contentHash": "z1/D7sNbpq3E6B+YLvV99vx9fa6cnOtxVLKMBVFJ8i/dGZG/y8bE+7lyOwLaDmQlTendwidPvjKfUKhLYgBryg=="
      },
      "Libuv": {
        "type": "Transitive",
        "resolved": "1.10.0",
        "contentHash": "GsCf4q+eyaI49rCPlgYxdxa1SQCysXFFdSJWdstrwxytg4+VPYLYrXD4AT2rjHVJ+UF7SSWX9CapWEYaU4ejVQ==",
        "dependencies": {
          "Microsoft.NETCore.Platforms": "1.0.1"
        }
      }
    },
    ".NETCoreApp,Version=v3.1/win-x64": {
      "Zlib.Bindings": {
        "type": "Direct",
        "requested": "[1.2.0, )",
        "resolved": "1.2.0",
        "contentHash": "z1/D7sNbpq3E6B+YLvV99vx9fa6cnOtxVLKMBVFJ8i/dGZG/y8bE+7lyOwLaDmQlTendwidPvjKfUKhLYgBryg=="
      },
      "Libuv": {
        "type": "Transitive",
        "resolved": "1.10.0",
        "contentHash": "GsCf4q+eyaI49rCPlgYxdxa1SQCysXFFdSJWdstrwxytg4+VPYLYrXD4AT2rjHVJ+UF7SSWX9CapWEYaU4ejVQ==",
        "dependencies": {
          "Microsoft.NETCore.Platforms": "1.0.1"
        }
      }
    },
    ".NETCoreApp,Version=v5.0": {
      "Microsoft.AspNetCore.Connections.Abstractions": {
        "type": "Direct",
        "requested": "[3.1.5, )",
        "resolved": "3.1.5",
        "contentHash": "d9QNKLjOIb+O8fW+Xolhw0ZpOP1nzJi822qthXUhZqzb1PpL/xD4tmZfeE6IRXlRmQOAKDKg38mDEDTaMPGy1w==",
        "dependencies": {
          "Microsoft.AspNetCore.Http.Features": "3.1.5",
          "System.IO.Pipelines": "4.7.1"
        }
      },
      "Microsoft.AspNetCore.Server.Kestrel.Transport.Libuv": {
        "type": "Direct",
        "requested": "[3.1.5, )",
        "resolved": "3.1.5",
        "contentHash": "RmWkwrdmpquJa3Tvui4AhNEy+LeqeDgd85RPNjamwKNjVSUW+Yaz8n1pKPz4IiqDJ+3XfdmaLjP9TSVnXSDNuA==",
        "dependencies": {
          "Libuv": "1.10.0",
          "Microsoft.AspNetCore.Connections.Abstractions": "3.1.5",
          "Microsoft.Extensions.Logging.Abstractions": "3.1.5",
          "Microsoft.Extensions.Options": "3.1.5"
        }
      },
      "Microsoft.Extensions.Hosting.Abstractions": {
        "type": "Direct",
        "requested": "[3.1.5, )",
        "resolved": "3.1.5",
        "contentHash": "e57iK9spITqHE7qNgC3IowzK+PK5NC2rmVY4Sz+ZoDNO24nIsgllIRbanSbt2wQz7Iy/N8Jm3C1sXqKc8zEOMQ==",
        "dependencies": {
          "Microsoft.Extensions.Configuration.Abstractions": "3.1.5",
          "Microsoft.Extensions.DependencyInjection.Abstractions": "3.1.5",
          "Microsoft.Extensions.FileProviders.Abstractions": "3.1.5",
          "Microsoft.Extensions.Logging.Abstractions": "3.1.5"
        }
      },
      "System.IO.Pipelines": {
        "type": "Direct",
        "requested": "[4.7.2, )",
        "resolved": "4.7.2",
        "contentHash": "rGIIhoY3lUdn9rWeuGdgeZZ0P+SpJ1wZI5g8TnXqgvuhFgUP7iP9Nt5FZebYInQZQxqnwjPxdYYBE5l/8PJmqQ=="
      },
      "Zlib.Bindings": {
        "type": "Direct",
        "requested": "[1.2.0, )",
        "resolved": "1.2.0",
        "contentHash": "z1/D7sNbpq3E6B+YLvV99vx9fa6cnOtxVLKMBVFJ8i/dGZG/y8bE+7lyOwLaDmQlTendwidPvjKfUKhLYgBryg=="
      },
      "Libuv": {
        "type": "Transitive",
        "resolved": "1.10.0",
        "contentHash": "GsCf4q+eyaI49rCPlgYxdxa1SQCysXFFdSJWdstrwxytg4+VPYLYrXD4AT2rjHVJ+UF7SSWX9CapWEYaU4ejVQ==",
        "dependencies": {
          "Microsoft.NETCore.Platforms": "1.0.1"
        }
      },
      "Microsoft.AspNetCore.Http.Features": {
        "type": "Transitive",
        "resolved": "3.1.5",
        "contentHash": "I+G1L5363H2oCdMxHv2vtbluRgb4e33Gv6zJd8Uj93bBRFbE4MZlb3cB9PvRAYpSB0xbK216/qRtHmQJBzWIcg==",
        "dependencies": {
          "Microsoft.Extensions.Primitives": "3.1.5",
          "System.IO.Pipelines": "4.7.1"
        }
      },
      "Microsoft.Extensions.Configuration.Abstractions": {
        "type": "Transitive",
        "resolved": "3.1.5",
        "contentHash": "VBcAk6s9izZr04WCzNqOh1Sxz2RbVSh0G79MfpHSDv16cUJtSEYEHody9ZnF71LBEktzdu6cvDFBOFMh43q0iA==",
        "dependencies": {
          "Microsoft.Extensions.Primitives": "3.1.5"
        }
      },
      "Microsoft.Extensions.DependencyInjection.Abstractions": {
        "type": "Transitive",
        "resolved": "3.1.5",
        "contentHash": "2VSCj2TZPMdeEi279Lawi6qJQu4+sEWizSOYrhY6hapyS1jxn1jVUZT1Ugv68bya+x8+3lD4+RqhUZql9PhISQ=="
      },
      "Microsoft.Extensions.FileProviders.Abstractions": {
        "type": "Transitive",
        "resolved": "3.1.5",
        "contentHash": "LrEQ97jhSWw84Y1m+CJfvh9qTUUswt27au54QYn2x5PCMPPgR+yAv/4VTJKMGSSI9T4scSLBXZ/fVhT4fPTCtA==",
        "dependencies": {
          "Microsoft.Extensions.Primitives": "3.1.5"
        }
      },
      "Microsoft.Extensions.Logging.Abstractions": {
        "type": "Transitive",
        "resolved": "3.1.5",
        "contentHash": "ZvwowjRSWXewdPI+whPFXgwF4Qme6Q9KV9SCPEITSGiqHLArct7q5hTBtTzj3GPsVLjTqehvTg6Bd/EQk9JS0A=="
      },
      "Microsoft.Extensions.Options": {
        "type": "Transitive",
        "resolved": "3.1.5",
        "contentHash": "f+JT/7lkKBMp/Ak2tVjO+TD7o+UoCfjnExkZNn0PZIso8kIXrqNy6x42Lrxf4Q0pW3JMf9ExmL2EQlvk2XnFAg==",
        "dependencies": {
          "Microsoft.Extensions.DependencyInjection.Abstractions": "3.1.5",
          "Microsoft.Extensions.Primitives": "3.1.5"
        }
      },
      "Microsoft.Extensions.Primitives": {
        "type": "Transitive",
        "resolved": "3.1.5",
        "contentHash": "6bLdjSAQix82oP2tsuX9MM2yjgUFFOkSZYyRSKoUULilw2cg0Y0H+dnugwYlfj8Jd7yjd/+QSdNBqEyYhTYv0w=="
      },
      "Microsoft.NETCore.Platforms": {
        "type": "Transitive",
        "resolved": "1.0.1",
        "contentHash": "2G6OjjJzwBfNOO8myRV/nFrbTw5iA+DEm0N+qUqhrOmaVtn4pC77h38I1jsXGw5VH55+dPfQsqHD0We9sCl9FQ=="
      }
    },
    ".NETCoreApp,Version=v5.0/centos.7-x64": {
      "Zlib.Bindings": {
        "type": "Direct",
        "requested": "[1.2.0, )",
        "resolved": "1.2.0",
        "contentHash": "z1/D7sNbpq3E6B+YLvV99vx9fa6cnOtxVLKMBVFJ8i/dGZG/y8bE+7lyOwLaDmQlTendwidPvjKfUKhLYgBryg=="
      },
      "Libuv": {
        "type": "Transitive",
        "resolved": "1.10.0",
        "contentHash": "GsCf4q+eyaI49rCPlgYxdxa1SQCysXFFdSJWdstrwxytg4+VPYLYrXD4AT2rjHVJ+UF7SSWX9CapWEYaU4ejVQ==",
        "dependencies": {
          "Microsoft.NETCore.Platforms": "1.0.1"
        }
      }
    },
    ".NETCoreApp,Version=v5.0/centos.8-x64": {
      "Zlib.Bindings": {
        "type": "Direct",
        "requested": "[1.2.0, )",
        "resolved": "1.2.0",
        "contentHash": "z1/D7sNbpq3E6B+YLvV99vx9fa6cnOtxVLKMBVFJ8i/dGZG/y8bE+7lyOwLaDmQlTendwidPvjKfUKhLYgBryg=="
      },
      "Libuv": {
        "type": "Transitive",
        "resolved": "1.10.0",
        "contentHash": "GsCf4q+eyaI49rCPlgYxdxa1SQCysXFFdSJWdstrwxytg4+VPYLYrXD4AT2rjHVJ+UF7SSWX9CapWEYaU4ejVQ==",
        "dependencies": {
          "Microsoft.NETCore.Platforms": "1.0.1"
        }
      }
    },
    ".NETCoreApp,Version=v5.0/debian.10-x64": {
      "Zlib.Bindings": {
        "type": "Direct",
        "requested": "[1.2.0, )",
        "resolved": "1.2.0",
        "contentHash": "z1/D7sNbpq3E6B+YLvV99vx9fa6cnOtxVLKMBVFJ8i/dGZG/y8bE+7lyOwLaDmQlTendwidPvjKfUKhLYgBryg=="
      },
      "Libuv": {
        "type": "Transitive",
        "resolved": "1.10.0",
        "contentHash": "GsCf4q+eyaI49rCPlgYxdxa1SQCysXFFdSJWdstrwxytg4+VPYLYrXD4AT2rjHVJ+UF7SSWX9CapWEYaU4ejVQ==",
        "dependencies": {
          "Microsoft.NETCore.Platforms": "1.0.1"
        }
      }
    },
    ".NETCoreApp,Version=v5.0/debian.9-x64": {
      "Zlib.Bindings": {
        "type": "Direct",
        "requested": "[1.2.0, )",
        "resolved": "1.2.0",
        "contentHash": "z1/D7sNbpq3E6B+YLvV99vx9fa6cnOtxVLKMBVFJ8i/dGZG/y8bE+7lyOwLaDmQlTendwidPvjKfUKhLYgBryg=="
      },
      "Libuv": {
        "type": "Transitive",
        "resolved": "1.10.0",
        "contentHash": "GsCf4q+eyaI49rCPlgYxdxa1SQCysXFFdSJWdstrwxytg4+VPYLYrXD4AT2rjHVJ+UF7SSWX9CapWEYaU4ejVQ==",
        "dependencies": {
          "Microsoft.NETCore.Platforms": "1.0.1"
        }
      }
    },
    ".NETCoreApp,Version=v5.0/osx-x64": {
      "Zlib.Bindings": {
        "type": "Direct",
        "requested": "[1.2.0, )",
        "resolved": "1.2.0",
        "contentHash": "z1/D7sNbpq3E6B+YLvV99vx9fa6cnOtxVLKMBVFJ8i/dGZG/y8bE+7lyOwLaDmQlTendwidPvjKfUKhLYgBryg=="
      },
      "Libuv": {
        "type": "Transitive",
        "resolved": "1.10.0",
        "contentHash": "GsCf4q+eyaI49rCPlgYxdxa1SQCysXFFdSJWdstrwxytg4+VPYLYrXD4AT2rjHVJ+UF7SSWX9CapWEYaU4ejVQ==",
        "dependencies": {
          "Microsoft.NETCore.Platforms": "1.0.1"
        }
      }
    },
    ".NETCoreApp,Version=v5.0/ubuntu.16.04-x64": {
      "Zlib.Bindings": {
        "type": "Direct",
        "requested": "[1.2.0, )",
        "resolved": "1.2.0",
        "contentHash": "z1/D7sNbpq3E6B+YLvV99vx9fa6cnOtxVLKMBVFJ8i/dGZG/y8bE+7lyOwLaDmQlTendwidPvjKfUKhLYgBryg=="
      },
      "Libuv": {
        "type": "Transitive",
        "resolved": "1.10.0",
        "contentHash": "GsCf4q+eyaI49rCPlgYxdxa1SQCysXFFdSJWdstrwxytg4+VPYLYrXD4AT2rjHVJ+UF7SSWX9CapWEYaU4ejVQ==",
        "dependencies": {
          "Microsoft.NETCore.Platforms": "1.0.1"
        }
      }
    },
    ".NETCoreApp,Version=v5.0/ubuntu.18.04-x64": {
      "Zlib.Bindings": {
        "type": "Direct",
        "requested": "[1.2.0, )",
        "resolved": "1.2.0",
        "contentHash": "z1/D7sNbpq3E6B+YLvV99vx9fa6cnOtxVLKMBVFJ8i/dGZG/y8bE+7lyOwLaDmQlTendwidPvjKfUKhLYgBryg=="
      },
      "Libuv": {
        "type": "Transitive",
        "resolved": "1.10.0",
        "contentHash": "GsCf4q+eyaI49rCPlgYxdxa1SQCysXFFdSJWdstrwxytg4+VPYLYrXD4AT2rjHVJ+UF7SSWX9CapWEYaU4ejVQ==",
        "dependencies": {
          "Microsoft.NETCore.Platforms": "1.0.1"
        }
      }
    },
    ".NETCoreApp,Version=v5.0/ubuntu.20.04-x64": {
      "Zlib.Bindings": {
        "type": "Direct",
        "requested": "[1.2.0, )",
        "resolved": "1.2.0",
        "contentHash": "z1/D7sNbpq3E6B+YLvV99vx9fa6cnOtxVLKMBVFJ8i/dGZG/y8bE+7lyOwLaDmQlTendwidPvjKfUKhLYgBryg=="
      },
      "Libuv": {
        "type": "Transitive",
        "resolved": "1.10.0",
        "contentHash": "GsCf4q+eyaI49rCPlgYxdxa1SQCysXFFdSJWdstrwxytg4+VPYLYrXD4AT2rjHVJ+UF7SSWX9CapWEYaU4ejVQ==",
        "dependencies": {
          "Microsoft.NETCore.Platforms": "1.0.1"
        }
      }
    },
    ".NETCoreApp,Version=v5.0/win-x64": {
      "Zlib.Bindings": {
        "type": "Direct",
        "requested": "[1.2.0, )",
        "resolved": "1.2.0",
        "contentHash": "z1/D7sNbpq3E6B+YLvV99vx9fa6cnOtxVLKMBVFJ8i/dGZG/y8bE+7lyOwLaDmQlTendwidPvjKfUKhLYgBryg=="
      },
      "Libuv": {
        "type": "Transitive",
        "resolved": "1.10.0",
        "contentHash": "GsCf4q+eyaI49rCPlgYxdxa1SQCysXFFdSJWdstrwxytg4+VPYLYrXD4AT2rjHVJ+UF7SSWX9CapWEYaU4ejVQ==",
        "dependencies": {
          "Microsoft.NETCore.Platforms": "1.0.1"
        }
      }
    }
  }
}